
Microsoft Visual Studio Solution File, Format Version 12.00
# Visual Studio Version 17
VisualStudioVersion = 17.11.35312.102
MinimumVisualStudioVersion = 10.0.40219.1
Project("{FAE04EC0-301F-11D3-BF4B-00C04F79EFBC}") = "MYPM", "MYPM.csproj", "{54ADD61E-6ECC-47B0-BA83-F4D1A2A28289}"
EndProject
Global
	GlobalSection(SolutionConfigurationPlatforms) = preSolution
		Debug|Any CPU = Debug|Any CPU
		Release|Any CPU = Release|Any CPU
	EndGlobalSection
	GlobalSection(ProjectConfigurationPlatforms) = postSolution
		{54ADD61E-6ECC-47B0-BA83-F4D1A2A28289}.Debug|Any CPU.ActiveCfg = Debug|Any CPU
		{54ADD61E-6ECC-47B0-BA83-F4D1A2A28289}.Debug|Any CPU.Build.0 = Debug|Any CPU
		{54ADD61E-6ECC-47B0-BA83-F4D1A2A28289}.Debug|Any CPU.Deploy.0 = Debug|Any CPU
		{54ADD61E-6ECC-47B0-BA83-F4D1A2A28289}.Release|Any CPU.ActiveCfg = Release|Any CPU
		{54ADD61E-6ECC-47B0-BA83-F4D1A2A28289}.Release|Any CPU.Build.0 = Release|Any CPU
		{54ADD61E-6ECC-47B0-BA83-F4D1A2A28289}.Release|Any CPU.Deploy.0 = Release|Any CPU
	EndGlobalSection
	GlobalSection(SolutionProperties) = preSolution
		HideSolutionNode = FALSE
	EndGlobalSection
	GlobalSection(ExtensibilityGlobals) = postSolution
		SolutionGuid = {06C719B0-0E95-41A6-8505-B88211F8C320}
	EndGlobalSection
EndGlobal
