Microsoft Visual Studio Solution File, Format Version 12.00
# Visual Studio Version 17
VisualStudioVersion = 17.11.35303.130
MinimumVisualStudioVersion = 10.0.40219.1
Project("{FAE04EC0-301F-11D3-BF4B-00C04F79EFBC}") = "MYPM.Droid", "MYPM.Droid\MYPM.Droid.csproj", "{CADA2397-1529-4BD7-AB2D-72568F44849F}"
EndProject
Project("{FAE04EC0-301F-11D3-BF4B-00C04F79EFBC}") = "MYPM.WinUI", "MYPM.WinUI\MYPM.WinUI.csproj", "{9FEDA302-E8C4-4E20-B935-5B4467842BD0}"
EndProject
Project("{9A19103F-16F7-4668-BE54-9A1E7A4F7556}") = "MYPM", "MYPM\MYPM.csproj", "{BCB25303-B8C7-436D-873C-FD792095BE17}"
EndProject
Global
	GlobalSection(SolutionConfigurationPlatforms) = preSolution
		Debug|Any CPU = Debug|Any CPU
		Debug|ARM64 = Debug|ARM64
		Debug|x64 = Debug|x64
		Debug|x86 = Debug|x86
		Release|Any CPU = Release|Any CPU
		Release|ARM64 = Release|ARM64
		Release|x64 = Release|x64
		Release|x86 = Release|x86
	EndGlobalSection
	GlobalSection(ProjectConfigurationPlatforms) = postSolution
		{CADA2397-1529-4BD7-AB2D-72568F44849F}.Debug|Any CPU.ActiveCfg = Debug|Any CPU
		{CADA2397-1529-4BD7-AB2D-72568F44849F}.Debug|Any CPU.Build.0 = Debug|Any CPU
		{CADA2397-1529-4BD7-AB2D-72568F44849F}.Debug|Any CPU.Deploy.0 = Debug|Any CPU
		{CADA2397-1529-4BD7-AB2D-72568F44849F}.Debug|ARM64.ActiveCfg = Debug|Any CPU
		{CADA2397-1529-4BD7-AB2D-72568F44849F}.Debug|ARM64.Build.0 = Debug|Any CPU
		{CADA2397-1529-4BD7-AB2D-72568F44849F}.Debug|ARM64.Deploy.0 = Debug|Any CPU
		{CADA2397-1529-4BD7-AB2D-72568F44849F}.Debug|x64.ActiveCfg = Debug|Any CPU
		{CADA2397-1529-4BD7-AB2D-72568F44849F}.Debug|x64.Build.0 = Debug|Any CPU
		{CADA2397-1529-4BD7-AB2D-72568F44849F}.Debug|x64.Deploy.0 = Debug|Any CPU
		{CADA2397-1529-4BD7-AB2D-72568F44849F}.Debug|x86.ActiveCfg = Debug|Any CPU
		{CADA2397-1529-4BD7-AB2D-72568F44849F}.Debug|x86.Build.0 = Debug|Any CPU
		{CADA2397-1529-4BD7-AB2D-72568F44849F}.Debug|x86.Deploy.0 = Debug|Any CPU
		{CADA2397-1529-4BD7-AB2D-72568F44849F}.Release|Any CPU.ActiveCfg = Release|Any CPU
		{CADA2397-1529-4BD7-AB2D-72568F44849F}.Release|Any CPU.Build.0 = Release|Any CPU
		{CADA2397-1529-4BD7-AB2D-72568F44849F}.Release|Any CPU.Deploy.0 = Release|Any CPU
		{CADA2397-1529-4BD7-AB2D-72568F44849F}.Release|ARM64.ActiveCfg = Release|Any CPU
		{CADA2397-1529-4BD7-AB2D-72568F44849F}.Release|ARM64.Build.0 = Release|Any CPU
		{CADA2397-1529-4BD7-AB2D-72568F44849F}.Release|ARM64.Deploy.0 = Release|Any CPU
		{CADA2397-1529-4BD7-AB2D-72568F44849F}.Release|x64.ActiveCfg = Release|Any CPU
		{CADA2397-1529-4BD7-AB2D-72568F44849F}.Release|x64.Build.0 = Release|Any CPU
		{CADA2397-1529-4BD7-AB2D-72568F44849F}.Release|x64.Deploy.0 = Release|Any CPU
		{CADA2397-1529-4BD7-AB2D-72568F44849F}.Release|x86.ActiveCfg = Release|Any CPU
		{CADA2397-1529-4BD7-AB2D-72568F44849F}.Release|x86.Build.0 = Release|Any CPU
		{CADA2397-1529-4BD7-AB2D-72568F44849F}.Release|x86.Deploy.0 = Release|Any CPU
		{9FEDA302-E8C4-4E20-B935-5B4467842BD0}.Debug|Any CPU.ActiveCfg = Debug|x64
		{9FEDA302-E8C4-4E20-B935-5B4467842BD0}.Debug|Any CPU.Build.0 = Debug|x64
		{9FEDA302-E8C4-4E20-B935-5B4467842BD0}.Debug|Any CPU.Deploy.0 = Debug|x64
		{9FEDA302-E8C4-4E20-B935-5B4467842BD0}.Debug|ARM64.ActiveCfg = Debug|ARM64
		{9FEDA302-E8C4-4E20-B935-5B4467842BD0}.Debug|ARM64.Build.0 = Debug|ARM64
		{9FEDA302-E8C4-4E20-B935-5B4467842BD0}.Debug|ARM64.Deploy.0 = Debug|ARM64
		{9FEDA302-E8C4-4E20-B935-5B4467842BD0}.Debug|x64.ActiveCfg = Debug|x64
		{9FEDA302-E8C4-4E20-B935-5B4467842BD0}.Debug|x64.Build.0 = Debug|x64
		{9FEDA302-E8C4-4E20-B935-5B4467842BD0}.Debug|x64.Deploy.0 = Debug|x64
		{9FEDA302-E8C4-4E20-B935-5B4467842BD0}.Debug|x86.ActiveCfg = Debug|x86
		{9FEDA302-E8C4-4E20-B935-5B4467842BD0}.Debug|x86.Build.0 = Debug|x86
		{9FEDA302-E8C4-4E20-B935-5B4467842BD0}.Debug|x86.Deploy.0 = Debug|x86
		{9FEDA302-E8C4-4E20-B935-5B4467842BD0}.Release|Any CPU.ActiveCfg = Release|x64
		{9FEDA302-E8C4-4E20-B935-5B4467842BD0}.Release|Any CPU.Build.0 = Release|x64
		{9FEDA302-E8C4-4E20-B935-5B4467842BD0}.Release|Any CPU.Deploy.0 = Release|x64
		{9FEDA302-E8C4-4E20-B935-5B4467842BD0}.Release|ARM64.ActiveCfg = Release|ARM64
		{9FEDA302-E8C4-4E20-B935-5B4467842BD0}.Release|ARM64.Build.0 = Release|ARM64
		{9FEDA302-E8C4-4E20-B935-5B4467842BD0}.Release|ARM64.Deploy.0 = Release|ARM64
		{9FEDA302-E8C4-4E20-B935-5B4467842BD0}.Release|x64.ActiveCfg = Release|x64
		{9FEDA302-E8C4-4E20-B935-5B4467842BD0}.Release|x64.Build.0 = Release|x64
		{9FEDA302-E8C4-4E20-B935-5B4467842BD0}.Release|x64.Deploy.0 = Release|x64
		{9FEDA302-E8C4-4E20-B935-5B4467842BD0}.Release|x86.ActiveCfg = Release|x86
		{9FEDA302-E8C4-4E20-B935-5B4467842BD0}.Release|x86.Build.0 = Release|x86
		{9FEDA302-E8C4-4E20-B935-5B4467842BD0}.Release|x86.Deploy.0 = Release|x86
		{BCB25303-B8C7-436D-873C-FD792095BE17}.Debug|Any CPU.ActiveCfg = Debug|Any CPU
		{BCB25303-B8C7-436D-873C-FD792095BE17}.Debug|Any CPU.Build.0 = Debug|Any CPU
		{BCB25303-B8C7-436D-873C-FD792095BE17}.Debug|ARM64.ActiveCfg = Debug|Any CPU
		{BCB25303-B8C7-436D-873C-FD792095BE17}.Debug|ARM64.Build.0 = Debug|Any CPU
		{BCB25303-B8C7-436D-873C-FD792095BE17}.Debug|x64.ActiveCfg = Debug|Any CPU
		{BCB25303-B8C7-436D-873C-FD792095BE17}.Debug|x64.Build.0 = Debug|Any CPU
		{BCB25303-B8C7-436D-873C-FD792095BE17}.Debug|x86.ActiveCfg = Debug|Any CPU
		{BCB25303-B8C7-436D-873C-FD792095BE17}.Debug|x86.Build.0 = Debug|Any CPU
		{BCB25303-B8C7-436D-873C-FD792095BE17}.Release|Any CPU.ActiveCfg = Release|Any CPU
		{BCB25303-B8C7-436D-873C-FD792095BE17}.Release|Any CPU.Build.0 = Release|Any CPU
		{BCB25303-B8C7-436D-873C-FD792095BE17}.Release|ARM64.ActiveCfg = Release|Any CPU
		{BCB25303-B8C7-436D-873C-FD792095BE17}.Release|ARM64.Build.0 = Release|Any CPU
		{BCB25303-B8C7-436D-873C-FD792095BE17}.Release|x64.ActiveCfg = Release|Any CPU
		{BCB25303-B8C7-436D-873C-FD792095BE17}.Release|x64.Build.0 = Release|Any CPU
		{BCB25303-B8C7-436D-873C-FD792095BE17}.Release|x86.ActiveCfg = Release|Any CPU
		{BCB25303-B8C7-436D-873C-FD792095BE17}.Release|x86.Build.0 = Release|Any CPU
	EndGlobalSection
	GlobalSection(SolutionProperties) = preSolution
		HideSolutionNode = FALSE
	EndGlobalSection
	GlobalSection(ExtensibilityGlobals) = postSolution
		SolutionGuid = {01E853E9-4DCA-4ABA-8615-3350571318A2}
	EndGlobalSection
EndGlobal
